
Microsoft Visual Studio Solution File, Format Version 12.00
# Visual Studio Version 17
VisualStudioVersion = 17.0.31912.275
MinimumVisualStudioVersion = 10.0.40219.1
Project("{9A19103F-16F7-4668-BE54-9A1E7A4F7556}") = "Core", "Core\Core.csproj", "{DF632CA9-0553-4588-A131-CE3D02BBB80B}"
EndProject
Project("{9A19103F-16F7-4668-BE54-9A1E7A4F7556}") = "Gui", "Gui\Gui.csproj", "{C7F66E22-4E44-4977-99F9-AED4DE17F648}"
	ProjectSection(ProjectDependencies) = postProject
		{DF632CA9-0553-4588-A131-CE3D02BBB80B} = {DF632CA9-0553-4588-A131-CE3D02BBB80B}
	EndProjectSection
EndProject
Global
	GlobalSection(SolutionConfigurationPlatforms) = preSolution
		Debug|Any CPU = Debug|Any CPU
		Release|Any CPU = Release|Any CPU
	EndGlobalSection
	GlobalSection(ProjectConfigurationPlatforms) = postSolution
		{DF632CA9-0553-4588-A131-CE3D02BBB80B}.Debug|Any CPU.ActiveCfg = Debug|Any CPU
		{DF632CA9-0553-4588-A131-CE3D02BBB80B}.Debug|Any CPU.Build.0 = Debug|Any CPU
		{DF632CA9-0553-4588-A131-CE3D02BBB80B}.Release|Any CPU.ActiveCfg = Release|Any CPU
		{DF632CA9-0553-4588-A131-CE3D02BBB80B}.Release|Any CPU.Build.0 = Release|Any CPU
		{C7F66E22-4E44-4977-99F9-AED4DE17F648}.Debug|Any CPU.ActiveCfg = Debug|Any CPU
		{C7F66E22-4E44-4977-99F9-AED4DE17F648}.Debug|Any CPU.Build.0 = Debug|Any CPU
		{C7F66E22-4E44-4977-99F9-AED4DE17F648}.Release|Any CPU.ActiveCfg = Release|Any CPU
		{C7F66E22-4E44-4977-99F9-AED4DE17F648}.Release|Any CPU.Build.0 = Release|Any CPU
	EndGlobalSection
	GlobalSection(SolutionProperties) = preSolution
		HideSolutionNode = FALSE
	EndGlobalSection
	GlobalSection(ExtensibilityGlobals) = postSolution
		SolutionGuid = {FA8DC2A4-EF7F-450F-874A-D211635D8108}
	EndGlobalSection
EndGlobal
